
Microsoft Visual Studio Solution File, Format Version 12.00
# Visual Studio Version 16
VisualStudioVersion = 16.0.32901.82
MinimumVisualStudioVersion = 10.0.40219.1
Project("{FAE04EC0-301F-11D3-BF4B-00C04F79EFBC}") = "WebApplication4", "WebApplication4\WebApplication4.csproj", "{7A9F9F85-3CBB-431C-95BB-429B43FD436C}"
EndProject
Global
	GlobalSection(SolutionConfigurationPlatforms) = preSolution
		Debug|Any CPU = Debug|Any CPU
		Release|Any CPU = Release|Any CPU
	EndGlobalSection
	GlobalSection(ProjectConfigurationPlatforms) = postSolution
		{7A9F9F85-3CBB-431C-95BB-429B43FD436C}.Debug|Any CPU.ActiveCfg = Debug|Any CPU
		{7A9F9F85-3CBB-431C-95BB-429B43FD436C}.Debug|Any CPU.Build.0 = Debug|Any CPU
		{7A9F9F85-3CBB-431C-95BB-429B43FD436C}.Release|Any CPU.ActiveCfg = Release|Any CPU
		{7A9F9F85-3CBB-431C-95BB-429B43FD436C}.Release|Any CPU.Build.0 = Release|Any CPU
	EndGlobalSection
	GlobalSection(SolutionProperties) = preSolution
		HideSolutionNode = FALSE
	EndGlobalSection
	GlobalSection(ExtensibilityGlobals) = postSolution
		SolutionGuid = {C603FCF8-CFA3-43AD-ACCA-5F43924EE3D3}
	EndGlobalSection
EndGlobal
